Microsoft Visual Studio Solution File, Format Version 12.00
# Visual Studio Version 17
VisualStudioVersion = 17.5.2.0
MinimumVisualStudioVersion = 10.0.40219.1
Project("{FAE04EC0-301F-11D3-BF4B-00C04F79EFBC}") = "SamLabs.Shaders", "SamLabs.Shaders.csproj", "{E1EE9C82-6532-55A7-7C4A-07D58222B6E6}"
EndProject
Global
	GlobalSection(SolutionConfigurationPlatforms) = preSolution
		Debug|Any CPU = Debug|Any CPU
		Release|Any CPU = Release|Any CPU
	EndGlobalSection
	GlobalSection(ProjectConfigurationPlatforms) = postSolution
		{E1EE9C82-6532-55A7-7C4A-07D58222B6E6}.Debug|Any CPU.ActiveCfg = Debug|Any CPU
		{E1EE9C82-6532-55A7-7C4A-07D58222B6E6}.Debug|Any CPU.Build.0 = Debug|Any CPU
		{E1EE9C82-6532-55A7-7C4A-07D58222B6E6}.Release|Any CPU.ActiveCfg = Release|Any CPU
		{E1EE9C82-6532-55A7-7C4A-07D58222B6E6}.Release|Any CPU.Build.0 = Release|Any CPU
	EndGlobalSection
	GlobalSection(SolutionProperties) = preSolution
		HideSolutionNode = FALSE
	EndGlobalSection
	GlobalSection(ExtensibilityGlobals) = postSolution
		SolutionGuid = {DBE43C79-FC44-4BE8-9A8D-FB19744768A1}
	EndGlobalSection
EndGlobal
